
Microsoft Visual Studio Solution File, Format Version 12.00
# Visual Studio Version 16
VisualStudioVersion = 16.0.30011.22
MinimumVisualStudioVersion = 10.0.40219.1
Project("{FAE04EC0-301F-11D3-BF4B-00C04F79EFBC}") = "MethodReference", "MethodReference\MethodReference.csproj", "{3E69D376-1178-4CDE-9CC8-7F987230C663}"
EndProject
Global
	GlobalSection(SolutionConfigurationPlatforms) = preSolution
		Debug|Any CPU = Debug|Any CPU
		Release|Any CPU = Release|Any CPU
	EndGlobalSection
	GlobalSection(ProjectConfigurationPlatforms) = postSolution
		{3E69D376-1178-4CDE-9CC8-7F987230C663}.Debug|Any CPU.ActiveCfg = Debug|Any CPU
		{3E69D376-1178-4CDE-9CC8-7F987230C663}.Debug|Any CPU.Build.0 = Debug|Any CPU
		{3E69D376-1178-4CDE-9CC8-7F987230C663}.Release|Any CPU.ActiveCfg = Release|Any CPU
		{3E69D376-1178-4CDE-9CC8-7F987230C663}.Release|Any CPU.Build.0 = Release|Any CPU
	EndGlobalSection
	GlobalSection(SolutionProperties) = preSolution
		HideSolutionNode = FALSE
	EndGlobalSection
	GlobalSection(ExtensibilityGlobals) = postSolution
		SolutionGuid = {FEA65EC6-75FB-4DE9-A76F-9310CF97B7A4}
	EndGlobalSection
EndGlobal
